
Microsoft Visual Studio Solution File, Format Version 12.00
# Visual Studio Version 16
VisualStudioVersion = 16.0.29709.97
MinimumVisualStudioVersion = 10.0.40219.1
Project("{2150E333-8FDC-42A3-9474-1A3956D46DE8}") = "CH01", "CH01", "{34A29EFA-5ECE-45DA-9D69-AA6218B3CBA9}"
EndProject
Project("{8BC9CEB8-8B4A-11D0-8D11-00A0C91BC942}") = "FristApp", "FristApp\FristApp.vcxproj", "{7C18A424-9149-4F98-AD91-8A82961C886E}"
EndProject
Project("{8BC9CEB8-8B4A-11D0-8D11-00A0C91BC942}") = "TemplateTest", "TemplateTest\TemplateTest.vcxproj", "{86590540-08FE-40A9-93A7-EA7EBB5EAF98}"
EndProject
Project("{2150E333-8FDC-42A3-9474-1A3956D46DE8}") = "CH03", "CH03", "{B14517BC-DAF3-4B5C-8CCB-03EAAA8AC491}"
EndProject
Project("{8BC9CEB8-8B4A-11D0-8D11-00A0C91BC942}") = "stringTest", "stringTest\stringTest.vcxproj", "{A92E5755-1AC3-4B3C-9807-4C5FBE2CE0A0}"
EndProject
Project("{8BC9CEB8-8B4A-11D0-8D11-00A0C91BC942}") = "VARtest", "VARtest\VARtest.vcxproj", "{B592F982-1CD7-4566-B654-E3DEDFCB4CEA}"
EndProject
Project("{2150E333-8FDC-42A3-9474-1A3956D46DE8}") = "CH04", "CH04", "{53B05968-6B89-456A-876C-7099BC4F3874}"
EndProject
Project("{8BC9CEB8-8B4A-11D0-8D11-00A0C91BC942}") = "devideTest", "devideTest\devideTest.vcxproj", "{446DAF74-8A4B-42BD-84DA-052961BA4764}"
EndProject
Project("{8BC9CEB8-8B4A-11D0-8D11-00A0C91BC942}") = "CastTest", "CastTest\CastTest.vcxproj", "{E760DB12-69F1-4F5A-8C0F-7F956F951A11}"
EndProject
Project("{8BC9CEB8-8B4A-11D0-8D11-00A0C91BC942}") = "OpTestApp", "OpTestApp\OpTestApp.vcxproj", "{80998A68-9763-409A-B6BC-8BC831E3BEA4}"
EndProject
Project("{2150E333-8FDC-42A3-9474-1A3956D46DE8}") = "CH05", "CH05", "{5738AEBD-ED05-43CB-B7E6-EAE6B989F265}"
EndProject
Project("{8BC9CEB8-8B4A-11D0-8D11-00A0C91BC942}") = "IfTestApp", "IfTestApp\IfTestApp.vcxproj", "{D5DBEDA6-0F0F-4648-BB87-3453A85E0FF2}"
EndProject
Project("{2150E333-8FDC-42A3-9474-1A3956D46DE8}") = "File IO", "File IO", "{96465DC4-9C08-40F3-AB73-76CCA91F4137}"
EndProject
Project("{8BC9CEB8-8B4A-11D0-8D11-00A0C91BC942}") = "FileIO", "FileIO\FileIO.vcxproj", "{7BD661CF-6007-4489-BEB7-EC047244F335}"
EndProject
Project("{8BC9CEB8-8B4A-11D0-8D11-00A0C91BC942}") = "findTest", "findTest\findTest.vcxproj", "{607D6C02-D501-453F-B4A3-655AB47C9DEA}"
EndProject
Project("{2150E333-8FDC-42A3-9474-1A3956D46DE8}") = "Test", "Test", "{EFDF6E09-C7CE-4EE9-9159-A695EED401FE}"
EndProject
Project("{8BC9CEB8-8B4A-11D0-8D11-00A0C91BC942}") = "CTempRebuild1", "CTempRebuild1\CTempRebuild1.vcxproj", "{7B51FA86-C039-4886-B2A5-49C63628F732}"
EndProject
Project("{2150E333-8FDC-42A3-9474-1A3956D46DE8}") = "CH09", "CH09", "{5EBA2E63-B9E8-436B-B46D-6E6B92045CD8}"
EndProject
Project("{8BC9CEB8-8B4A-11D0-8D11-00A0C91BC942}") = "PointerTestApp", "PointerTestApp\PointerTestApp.vcxproj", "{8C0D4282-9846-4FD6-9A57-EC62DF119E18}"
EndProject
Global
	GlobalSection(SolutionConfigurationPlatforms) = preSolution
		Debug|x64 = Debug|x64
		Debug|x86 = Debug|x86
		Release|x64 = Release|x64
		Release|x86 = Release|x86
	EndGlobalSection
	GlobalSection(ProjectConfigurationPlatforms) = postSolution
		{7C18A424-9149-4F98-AD91-8A82961C886E}.Debug|x64.ActiveCfg = Debug|x64
		{7C18A424-9149-4F98-AD91-8A82961C886E}.Debug|x64.Build.0 = Debug|x64
		{7C18A424-9149-4F98-AD91-8A82961C886E}.Debug|x86.ActiveCfg = Debug|Win32
		{7C18A424-9149-4F98-AD91-8A82961C886E}.Debug|x86.Build.0 = Debug|Win32
		{7C18A424-9149-4F98-AD91-8A82961C886E}.Release|x64.ActiveCfg = Release|x64
		{7C18A424-9149-4F98-AD91-8A82961C886E}.Release|x64.Build.0 = Release|x64
		{7C18A424-9149-4F98-AD91-8A82961C886E}.Release|x86.ActiveCfg = Release|Win32
		{7C18A424-9149-4F98-AD91-8A82961C886E}.Release|x86.Build.0 = Release|Win32
		{86590540-08FE-40A9-93A7-EA7EBB5EAF98}.Debug|x64.ActiveCfg = Debug|x64
		{86590540-08FE-40A9-93A7-EA7EBB5EAF98}.Debug|x64.Build.0 = Debug|x64
		{86590540-08FE-40A9-93A7-EA7EBB5EAF98}.Debug|x86.ActiveCfg = Debug|Win32
		{86590540-08FE-40A9-93A7-EA7EBB5EAF98}.Debug|x86.Build.0 = Debug|Win32
		{86590540-08FE-40A9-93A7-EA7EBB5EAF98}.Release|x64.ActiveCfg = Release|x64
		{86590540-08FE-40A9-93A7-EA7EBB5EAF98}.Release|x64.Build.0 = Release|x64
		{86590540-08FE-40A9-93A7-EA7EBB5EAF98}.Release|x86.ActiveCfg = Release|Win32
		{86590540-08FE-40A9-93A7-EA7EBB5EAF98}.Release|x86.Build.0 = Release|Win32
		{A92E5755-1AC3-4B3C-9807-4C5FBE2CE0A0}.Debug|x64.ActiveCfg = Debug|x64
		{A92E5755-1AC3-4B3C-9807-4C5FBE2CE0A0}.Debug|x64.Build.0 = Debug|x64
		{A92E5755-1AC3-4B3C-9807-4C5FBE2CE0A0}.Debug|x86.ActiveCfg = Debug|Win32
		{A92E5755-1AC3-4B3C-9807-4C5FBE2CE0A0}.Debug|x86.Build.0 = Debug|Win32
		{A92E5755-1AC3-4B3C-9807-4C5FBE2CE0A0}.Release|x64.ActiveCfg = Release|x64
		{A92E5755-1AC3-4B3C-9807-4C5FBE2CE0A0}.Release|x64.Build.0 = Release|x64
		{A92E5755-1AC3-4B3C-9807-4C5FBE2CE0A0}.Release|x86.ActiveCfg = Release|Win32
		{A92E5755-1AC3-4B3C-9807-4C5FBE2CE0A0}.Release|x86.Build.0 = Release|Win32
		{B592F982-1CD7-4566-B654-E3DEDFCB4CEA}.Debug|x64.ActiveCfg = Debug|x64
		{B592F982-1CD7-4566-B654-E3DEDFCB4CEA}.Debug|x64.Build.0 = Debug|x64
		{B592F982-1CD7-4566-B654-E3DEDFCB4CEA}.Debug|x86.ActiveCfg = Debug|Win32
		{B592F982-1CD7-4566-B654-E3DEDFCB4CEA}.Debug|x86.Build.0 = Debug|Win32
		{B592F982-1CD7-4566-B654-E3DEDFCB4CEA}.Release|x64.ActiveCfg = Release|x64
		{B592F982-1CD7-4566-B654-E3DEDFCB4CEA}.Release|x64.Build.0 = Release|x64
		{B592F982-1CD7-4566-B654-E3DEDFCB4CEA}.Release|x86.ActiveCfg = Release|Win32
		{B592F982-1CD7-4566-B654-E3DEDFCB4CEA}.Release|x86.Build.0 = Release|Win32
		{446DAF74-8A4B-42BD-84DA-052961BA4764}.Debug|x64.ActiveCfg = Debug|x64
		{446DAF74-8A4B-42BD-84DA-052961BA4764}.Debug|x64.Build.0 = Debug|x64
		{446DAF74-8A4B-42BD-84DA-052961BA4764}.Debug|x86.ActiveCfg = Debug|Win32
		{446DAF74-8A4B-42BD-84DA-052961BA4764}.Debug|x86.Build.0 = Debug|Win32
		{446DAF74-8A4B-42BD-84DA-052961BA4764}.Release|x64.ActiveCfg = Release|x64
		{446DAF74-8A4B-42BD-84DA-052961BA4764}.Release|x64.Build.0 = Release|x64
		{446DAF74-8A4B-42BD-84DA-052961BA4764}.Release|x86.ActiveCfg = Release|Win32
		{446DAF74-8A4B-42BD-84DA-052961BA4764}.Release|x86.Build.0 = Release|Win32
		{E760DB12-69F1-4F5A-8C0F-7F956F951A11}.Debug|x64.ActiveCfg = Debug|x64
		{E760DB12-69F1-4F5A-8C0F-7F956F951A11}.Debug|x64.Build.0 = Debug|x64
		{E760DB12-69F1-4F5A-8C0F-7F956F951A11}.Debug|x86.ActiveCfg = Debug|Win32
		{E760DB12-69F1-4F5A-8C0F-7F956F951A11}.Debug|x86.Build.0 = Debug|Win32
		{E760DB12-69F1-4F5A-8C0F-7F956F951A11}.Release|x64.ActiveCfg = Release|x64
		{E760DB12-69F1-4F5A-8C0F-7F956F951A11}.Release|x64.Build.0 = Release|x64
		{E760DB12-69F1-4F5A-8C0F-7F956F951A11}.Release|x86.ActiveCfg = Release|Win32
		{E760DB12-69F1-4F5A-8C0F-7F956F951A11}.Release|x86.Build.0 = Release|Win32
		{80998A68-9763-409A-B6BC-8BC831E3BEA4}.Debug|x64.ActiveCfg = Debug|x64
		{80998A68-9763-409A-B6BC-8BC831E3BEA4}.Debug|x64.Build.0 = Debug|x64
		{80998A68-9763-409A-B6BC-8BC831E3BEA4}.Debug|x86.ActiveCfg = Debug|Win32
		{80998A68-9763-409A-B6BC-8BC831E3BEA4}.Debug|x86.Build.0 = Debug|Win32
		{80998A68-9763-409A-B6BC-8BC831E3BEA4}.Release|x64.ActiveCfg = Release|x64
		{80998A68-9763-409A-B6BC-8BC831E3BEA4}.Release|x64.Build.0 = Release|x64
		{80998A68-9763-409A-B6BC-8BC831E3BEA4}.Release|x86.ActiveCfg = Release|Win32
		{80998A68-9763-409A-B6BC-8BC831E3BEA4}.Release|x86.Build.0 = Release|Win32
		{D5DBEDA6-0F0F-4648-BB87-3453A85E0FF2}.Debug|x64.ActiveCfg = Debug|x64
		{D5DBEDA6-0F0F-4648-BB87-3453A85E0FF2}.Debug|x64.Build.0 = Debug|x64
		{D5DBEDA6-0F0F-4648-BB87-3453A85E0FF2}.Debug|x86.ActiveCfg = Debug|Win32
		{D5DBEDA6-0F0F-4648-BB87-3453A85E0FF2}.Debug|x86.Build.0 = Debug|Win32
		{D5DBEDA6-0F0F-4648-BB87-3453A85E0FF2}.Release|x64.ActiveCfg = Release|x64
		{D5DBEDA6-0F0F-4648-BB87-3453A85E0FF2}.Release|x64.Build.0 = Release|x64
		{D5DBEDA6-0F0F-4648-BB87-3453A85E0FF2}.Release|x86.ActiveCfg = Release|Win32
		{D5DBEDA6-0F0F-4648-BB87-3453A85E0FF2}.Release|x86.Build.0 = Release|Win32
		{7BD661CF-6007-4489-BEB7-EC047244F335}.Debug|x64.ActiveCfg = Debug|x64
		{7BD661CF-6007-4489-BEB7-EC047244F335}.Debug|x64.Build.0 = Debug|x64
		{7BD661CF-6007-4489-BEB7-EC047244F335}.Debug|x86.ActiveCfg = Debug|Win32
		{7BD661CF-6007-4489-BEB7-EC047244F335}.Debug|x86.Build.0 = Debug|Win32
		{7BD661CF-6007-4489-BEB7-EC047244F335}.Release|x64.ActiveCfg = Release|x64
		{7BD661CF-6007-4489-BEB7-EC047244F335}.Release|x64.Build.0 = Release|x64
		{7BD661CF-6007-4489-BEB7-EC047244F335}.Release|x86.ActiveCfg = Release|Win32
		{7BD661CF-6007-4489-BEB7-EC047244F335}.Release|x86.Build.0 = Release|Win32
		{607D6C02-D501-453F-B4A3-655AB47C9DEA}.Debug|x64.ActiveCfg = Debug|x64
		{607D6C02-D501-453F-B4A3-655AB47C9DEA}.Debug|x64.Build.0 = Debug|x64
		{607D6C02-D501-453F-B4A3-655AB47C9DEA}.Debug|x86.ActiveCfg = Debug|Win32
		{607D6C02-D501-453F-B4A3-655AB47C9DEA}.Debug|x86.Build.0 = Debug|Win32
		{607D6C02-D501-453F-B4A3-655AB47C9DEA}.Release|x64.ActiveCfg = Release|x64
		{607D6C02-D501-453F-B4A3-655AB47C9DEA}.Release|x64.Build.0 = Release|x64
		{607D6C02-D501-453F-B4A3-655AB47C9DEA}.Release|x86.ActiveCfg = Release|Win32
		{607D6C02-D501-453F-B4A3-655AB47C9DEA}.Release|x86.Build.0 = Release|Win32
		{7B51FA86-C039-4886-B2A5-49C63628F732}.Debug|x64.ActiveCfg = Debug|x64
		{7B51FA86-C039-4886-B2A5-49C63628F732}.Debug|x64.Build.0 = Debug|x64
		{7B51FA86-C039-4886-B2A5-49C63628F732}.Debug|x86.ActiveCfg = Debug|Win32
		{7B51FA86-C039-4886-B2A5-49C63628F732}.Debug|x86.Build.0 = Debug|Win32
		{7B51FA86-C039-4886-B2A5-49C63628F732}.Release|x64.ActiveCfg = Release|x64
		{7B51FA86-C039-4886-B2A5-49C63628F732}.Release|x64.Build.0 = Release|x64
		{7B51FA86-C039-4886-B2A5-49C63628F732}.Release|x86.ActiveCfg = Release|Win32
		{7B51FA86-C039-4886-B2A5-49C63628F732}.Release|x86.Build.0 = Release|Win32
		{8C0D4282-9846-4FD6-9A57-EC62DF119E18}.Debug|x64.ActiveCfg = Debug|x64
		{8C0D4282-9846-4FD6-9A57-EC62DF119E18}.Debug|x64.Build.0 = Debug|x64
		{8C0D4282-9846-4FD6-9A57-EC62DF119E18}.Debug|x86.ActiveCfg = Debug|Win32
		{8C0D4282-9846-4FD6-9A57-EC62DF119E18}.Debug|x86.Build.0 = Debug|Win32
		{8C0D4282-9846-4FD6-9A57-EC62DF119E18}.Release|x64.ActiveCfg = Release|x64
		{8C0D4282-9846-4FD6-9A57-EC62DF119E18}.Release|x64.Build.0 = Release|x64
		{8C0D4282-9846-4FD6-9A57-EC62DF119E18}.Release|x86.ActiveCfg = Release|Win32
		{8C0D4282-9846-4FD6-9A57-EC62DF119E18}.Release|x86.Build.0 = Release|Win32
	EndGlobalSection
	GlobalSection(SolutionProperties) = preSolution
		HideSolutionNode = FALSE
	EndGlobalSection
	GlobalSection(NestedProjects) = preSolution
		{7C18A424-9149-4F98-AD91-8A82961C886E} = {34A29EFA-5ECE-45DA-9D69-AA6218B3CBA9}
		{86590540-08FE-40A9-93A7-EA7EBB5EAF98} = {34A29EFA-5ECE-45DA-9D69-AA6218B3CBA9}
		{A92E5755-1AC3-4B3C-9807-4C5FBE2CE0A0} = {B14517BC-DAF3-4B5C-8CCB-03EAAA8AC491}
		{B592F982-1CD7-4566-B654-E3DEDFCB4CEA} = {B14517BC-DAF3-4B5C-8CCB-03EAAA8AC491}
		{446DAF74-8A4B-42BD-84DA-052961BA4764} = {53B05968-6B89-456A-876C-7099BC4F3874}
		{E760DB12-69F1-4F5A-8C0F-7F956F951A11} = {53B05968-6B89-456A-876C-7099BC4F3874}
		{80998A68-9763-409A-B6BC-8BC831E3BEA4} = {53B05968-6B89-456A-876C-7099BC4F3874}
		{D5DBEDA6-0F0F-4648-BB87-3453A85E0FF2} = {5738AEBD-ED05-43CB-B7E6-EAE6B989F265}
		{7BD661CF-6007-4489-BEB7-EC047244F335} = {96465DC4-9C08-40F3-AB73-76CCA91F4137}
		{607D6C02-D501-453F-B4A3-655AB47C9DEA} = {96465DC4-9C08-40F3-AB73-76CCA91F4137}
		{7B51FA86-C039-4886-B2A5-49C63628F732} = {EFDF6E09-C7CE-4EE9-9159-A695EED401FE}
		{8C0D4282-9846-4FD6-9A57-EC62DF119E18} = {5EBA2E63-B9E8-436B-B46D-6E6B92045CD8}
	EndGlobalSection
	GlobalSection(ExtensibilityGlobals) = postSolution
		SolutionGuid = {14DB2529-72B5-4187-A76C-BFE01DB15EAF}
	EndGlobalSection
EndGlobal
