
Microsoft Visual Studio Solution File, Format Version 12.00
# Visual Studio Version 16
VisualStudioVersion = 16.0.29709.97
MinimumVisualStudioVersion = 10.0.40219.1
Project("{2150E333-8FDC-42A3-9474-1A3956D46DE8}") = "CH01", "CH01", "{34A29EFA-5ECE-45DA-9D69-AA6218B3CBA9}"
EndProject
Project("{8BC9CEB8-8B4A-11D0-8D11-00A0C91BC942}") = "FristApp", "FristApp\FristApp.vcxproj", "{7C18A424-9149-4F98-AD91-8A82961C886E}"
EndProject
Project("{8BC9CEB8-8B4A-11D0-8D11-00A0C91BC942}") = "TemplateTest", "TemplateTest\TemplateTest.vcxproj", "{86590540-08FE-40A9-93A7-EA7EBB5EAF98}"
EndProject
Project("{2150E333-8FDC-42A3-9474-1A3956D46DE8}") = "CH03", "CH03", "{B14517BC-DAF3-4B5C-8CCB-03EAAA8AC491}"
EndProject
Project("{8BC9CEB8-8B4A-11D0-8D11-00A0C91BC942}") = "stringTest", "stringTest\stringTest.vcxproj", "{A92E5755-1AC3-4B3C-9807-4C5FBE2CE0A0}"
EndProject
Project("{8BC9CEB8-8B4A-11D0-8D11-00A0C91BC942}") = "VARtest", "VARtest\VARtest.vcxproj", "{B592F982-1CD7-4566-B654-E3DEDFCB4CEA}"
EndProject
Project("{2150E333-8FDC-42A3-9474-1A3956D46DE8}") = "CH04", "CH04", "{53B05968-6B89-456A-876C-7099BC4F3874}"
EndProject
Project("{8BC9CEB8-8B4A-11D0-8D11-00A0C91BC942}") = "devideTest", "devideTest\devideTest.vcxproj", "{446DAF74-8A4B-42BD-84DA-052961BA4764}"
EndProject
Project("{8BC9CEB8-8B4A-11D0-8D11-00A0C91BC942}") = "CastTest", "CastTest\CastTest.vcxproj", "{E760DB12-69F1-4F5A-8C0F-7F956F951A11}"
EndProject
Project("{8BC9CEB8-8B4A-11D0-8D11-00A0C91BC942}") = "OpTestApp", "OpTestApp\OpTestApp.vcxproj", "{80998A68-9763-409A-B6BC-8BC831E3BEA4}"
EndProject
Project("{2150E333-8FDC-42A3-9474-1A3956D46DE8}") = "CH05", "CH05", "{5738AEBD-ED05-43CB-B7E6-EAE6B989F265}"
EndProject
Project("{8BC9CEB8-8B4A-11D0-8D11-00A0C91BC942}") = "IfTestApp", "IfTestApp\IfTestApp.vcxproj", "{D5DBEDA6-0F0F-4648-BB87-3453A85E0FF2}"
EndProject
Project("{2150E333-8FDC-42A3-9474-1A3956D46DE8}") = "File IO", "File IO", "{96465DC4-9C08-40F3-AB73-76CCA91F4137}"
EndProject
Project("{8BC9CEB8-8B4A-11D0-8D11-00A0C91BC942}") = "FileIO", "FileIO\FileIO.vcxproj", "{7BD661CF-6007-4489-BEB7-EC047244F335}"
EndProject
Project("{8BC9CEB8-8B4A-11D0-8D11-00A0C91BC942}") = "findTest", "findTest\findTest.vcxproj", "{607D6C02-D501-453F-B4A3-655AB47C9DEA}"
EndProject
Project("{2150E333-8FDC-42A3-9474-1A3956D46DE8}") = "Test", "Test", "{EFDF6E09-C7CE-4EE9-9159-A695EED401FE}"
EndProject
Project("{8BC9CEB8-8B4A-11D0-8D11-00A0C91BC942}") = "CTempRebuild1", "CTempRebuild1\CTempRebuild1.vcxproj", "{7B51FA86-C039-4886-B2A5-49C63628F732}"
EndProject
Project("{2150E333-8FDC-42A3-9474-1A3956D46DE8}") = "CH09", "CH09", "{5EBA2E63-B9E8-436B-B46D-6E6B92045CD8}"
EndProject
Project("{8BC9CEB8-8B4A-11D0-8D11-00A0C91BC942}") = "PointerTestApp", "PointerTestApp\PointerTestApp.vcxproj", "{8C0D4282-9846-4FD6-9A57-EC62DF119E18}"
EndProject
Project("{8BC9CEB8-8B4A-11D0-8D11-00A0C91BC942}") = "SwapTestApp", "SwapTestApp\SwapTestApp.vcxproj", "{98C10054-1238-489C-9D0F-48C7EA9B2CBD}"
EndProject
Project("{2150E333-8FDC-42A3-9474-1A3956D46DE8}") = "CH10", "CH10", "{FFD76E90-268F-4421-A321-53159AD75E55}"
EndProject
Project("{8BC9CEB8-8B4A-11D0-8D11-00A0C91BC942}") = "ArrPrTestApp", "ArrPrTestApp\ArrPrTestApp.vcxproj", "{46F0E849-8388-4467-86DE-77562C7F6EC3}"
EndProject
Project("{8BC9CEB8-8B4A-11D0-8D11-00A0C91BC942}") = "FindMaxApp", "FindMaxApp\FindMaxApp.vcxproj", "{03279BFD-9815-47D9-BF71-29876DDFCFAE}"
EndProject
Project("{2150E333-8FDC-42A3-9474-1A3956D46DE8}") = "CH11", "CH11", "{FB0E2CB2-EFB9-4151-8A2B-E93C55613670}"
EndProject
Project("{8BC9CEB8-8B4A-11D0-8D11-00A0C91BC942}") = "StringTestApp", "StringTestApp\StringTestApp.vcxproj", "{59942FBA-4265-4073-923B-5BC07A4DA3C1}"
EndProject
Project("{2150E333-8FDC-42A3-9474-1A3956D46DE8}") = "CH12", "CH12", "{E4C708D8-630F-4E02-ABD2-3CB1B8582E3F}"
EndProject
Project("{8BC9CEB8-8B4A-11D0-8D11-00A0C91BC942}") = "StrTestApp", "StrTestApp\StrTestApp.vcxproj", "{1CD451D7-5DF6-41CE-8147-1F732BF6D6AD}"
EndProject
Project("{2150E333-8FDC-42A3-9474-1A3956D46DE8}") = "CH13", "CH13", "{366C7F60-C1F2-4633-8CD0-1B438177F85A}"
EndProject
Project("{8BC9CEB8-8B4A-11D0-8D11-00A0C91BC942}") = "VarTestApp", "VarTestApp\VarTestApp.vcxproj", "{5AD4CD85-BBD8-418C-8673-25E5AABEE61A}"
EndProject
Project("{8BC9CEB8-8B4A-11D0-8D11-00A0C91BC942}") = "StaticValTestApp", "StaticValTestApp\StaticValTestApp.vcxproj", "{AADF6C30-6A65-42D7-ABF6-1B1E8CDC871A}"
EndProject
Project("{2150E333-8FDC-42A3-9474-1A3956D46DE8}") = "CH14", "CH14", "{DA00F784-AF15-484C-A8A5-0C34C6DFC873}"
EndProject
Project("{8BC9CEB8-8B4A-11D0-8D11-00A0C91BC942}") = "SArryTestApp", "SArryTestApp\SArryTestApp.vcxproj", "{A0F40F38-B5E3-4D9A-B2F0-8A63895133EE}"
EndProject
Project("{8BC9CEB8-8B4A-11D0-8D11-00A0C91BC942}") = "CTempRebuild2", "CTempRebuild2\CTempRebuild2.vcxproj", "{BCEA4DAE-08F7-4006-8238-F05DC6DC4229}"
EndProject
Project("{8BC9CEB8-8B4A-11D0-8D11-00A0C91BC942}") = "ThirdArryApp", "ThirdArryApp\ThirdArryApp.vcxproj", "{0258215C-7EEA-4C46-B4FB-B0613DEE6445}"
EndProject
Project("{8BC9CEB8-8B4A-11D0-8D11-00A0C91BC942}") = "StringPtrApp", "StringPtrApp\StringPtrApp.vcxproj", "{066B0DCE-F24B-46D6-A61D-19385A2679E0}"
EndProject
Project("{2150E333-8FDC-42A3-9474-1A3956D46DE8}") = "CH15", "CH15", "{56493988-9CBA-4DCA-A1B7-C01B5AC6BBD9}"
EndProject
Project("{8BC9CEB8-8B4A-11D0-8D11-00A0C91BC942}") = "PpointApp", "PpointApp\PpointApp.vcxproj", "{CAA128FD-3727-4EF2-B204-D5B5961765F0}"
EndProject
Project("{8BC9CEB8-8B4A-11D0-8D11-00A0C91BC942}") = "PtrSwapApp", "PtrSwapApp\PtrSwapApp.vcxproj", "{0AF01A29-3933-438B-A086-0C8A49761587}"
EndProject
Project("{8BC9CEB8-8B4A-11D0-8D11-00A0C91BC942}") = "FunPointApp", "FunPointApp\FunPointApp.vcxproj", "{42E0FD5F-FEFB-41A7-ADB6-E31784FD84F0}"
EndProject
Project("{2150E333-8FDC-42A3-9474-1A3956D46DE8}") = "CH16", "CH16", "{90B6FC53-0B19-4155-8365-448D1D748502}"
EndProject
Project("{8BC9CEB8-8B4A-11D0-8D11-00A0C91BC942}") = "MallocFunApp", "MallocFunApp\MallocFunApp.vcxproj", "{F3AA8CD6-7445-40CA-A809-72981A02345A}"
EndProject
Project("{8BC9CEB8-8B4A-11D0-8D11-00A0C91BC942}") = "DynamicStringApp", "DynamicStringApp\DynamicStringApp.vcxproj", "{45A22074-2D87-4345-8316-E448FB7523F4}"
EndProject
Project("{8BC9CEB8-8B4A-11D0-8D11-00A0C91BC942}") = "MainArgApp", "MainArgApp\MainArgApp.vcxproj", "{470C33A7-5EA0-4008-8C28-4EDE93149782}"
EndProject
Project("{2150E333-8FDC-42A3-9474-1A3956D46DE8}") = "CH17", "CH17", "{898BA99D-6F94-4547-A42C-BA8AD5BE1282}"
EndProject
Project("{8BC9CEB8-8B4A-11D0-8D11-00A0C91BC942}") = "StructApp", "StructApp\StructApp.vcxproj", "{924DEEE8-C7B0-4F64-8416-DD9DC9B0296E}"
EndProject
Project("{8BC9CEB8-8B4A-11D0-8D11-00A0C91BC942}") = "VisionApp", "VisionApp\VisionApp.vcxproj", "{8726491F-61E3-44C1-AC97-71356481E5D2}"
EndProject
Project("{8BC9CEB8-8B4A-11D0-8D11-00A0C91BC942}") = "StructPtrApp", "StructPtrApp\StructPtrApp.vcxproj", "{FB54F2C6-56B9-44C7-B276-E9A635DFD73E}"
EndProject
Project("{8BC9CEB8-8B4A-11D0-8D11-00A0C91BC942}") = "LikedListApp", "LikedListApp\LikedListApp.vcxproj", "{25B004EB-D234-4AA2-B6F0-281DD164B96F}"
EndProject
Project("{8BC9CEB8-8B4A-11D0-8D11-00A0C91BC942}") = "UnionApp", "UnionApp\UnionApp.vcxproj", "{E63C5A30-A464-412F-B7C1-27AEA7D7E390}"
EndProject
Project("{2150E333-8FDC-42A3-9474-1A3956D46DE8}") = "CH18", "CH18", "{EC9BF8FF-4452-4626-BD23-4A24668F0B48}"
EndProject
Project("{8BC9CEB8-8B4A-11D0-8D11-00A0C91BC942}") = "FileInOutApp", "FileInOutApp\FileInOutApp.vcxproj", "{B1B6DBC0-D8CF-4250-BD64-176C30240D8F}"
EndProject
Project("{2150E333-8FDC-42A3-9474-1A3956D46DE8}") = "Solution Items", "Solution Items", "{F38034EF-053B-4F39-811A-56EACCEE87B3}"
	ProjectSection(SolutionItems) = preProject
		a.txt = a.txt
	EndProjectSection
EndProject
Project("{8BC9CEB8-8B4A-11D0-8D11-00A0C91BC942}") = "FileCopyApp", "FileCopyApp\FileCopyApp.vcxproj", "{20C42147-9351-4E4D-A9AD-7AC02CBEF96E}"
EndProject
Project("{8BC9CEB8-8B4A-11D0-8D11-00A0C91BC942}") = "FileBufferErrorApp", "FileBufferErrorApp\FileBufferErrorApp.vcxproj", "{7DA3855B-CCAB-4701-8DEC-C1773FE0C7D9}"
EndProject
Project("{2150E333-8FDC-42A3-9474-1A3956D46DE8}") = "CH19", "CH19", "{119E0D99-ED9D-481A-A228-7029539E797C}"
EndProject
Project("{8BC9CEB8-8B4A-11D0-8D11-00A0C91BC942}") = "StandardApp", "StandardApp\StandardApp.vcxproj", "{7DBE5778-5E50-450C-88C8-FCA0EF983CDD}"
EndProject
Project("{8BC9CEB8-8B4A-11D0-8D11-00A0C91BC942}") = "MacroApp", "MacroApp\MacroApp.vcxproj", "{201CD9C2-8442-4D3D-B354-A237982CEB50}"
EndProject
Project("{8BC9CEB8-8B4A-11D0-8D11-00A0C91BC942}") = "DivideSrcApp", "DivideSrcApp\DivideSrcApp.vcxproj", "{A4FF5C61-38A8-43F1-8042-F494A52A5B87}"
EndProject
Project("{8BC9CEB8-8B4A-11D0-8D11-00A0C91BC942}") = "ExternApp", "ExternApp\ExternApp.vcxproj", "{70946B3E-4C79-423A-8EBF-A87550DD3861}"
EndProject
Project("{8BC9CEB8-8B4A-11D0-8D11-00A0C91BC942}") = "DupTestApp", "DupTestApp\DupTestApp.vcxproj", "{1DF9B5E2-E538-44E0-BC29-E7CDA140525D}"
EndProject
Project("{2150E333-8FDC-42A3-9474-1A3956D46DE8}") = "Add", "Add", "{6078443D-5118-4BA3-AE1B-9EBDD4A37B79}"
EndProject
Project("{8BC9CEB8-8B4A-11D0-8D11-00A0C91BC942}") = "SelectSortApp", "SelectSortApp\SelectSortApp.vcxproj", "{491561A0-2CB9-4D52-BCD7-3545590C171D}"
EndProject
Project("{2150E333-8FDC-42A3-9474-1A3956D46DE8}") = "CH20", "CH20", "{FB38E0CE-2919-4A65-9981-F20ED2257A8E}"
EndProject
Project("{8BC9CEB8-8B4A-11D0-8D11-00A0C91BC942}") = "CMathLib", "CMathLib\CMathLib.vcxproj", "{00FB8B40-1330-48BF-A542-47B69353C0D1}"
EndProject
Project("{8BC9CEB8-8B4A-11D0-8D11-00A0C91BC942}") = "UsingStaticLibApp", "UsingStaticLibApp\UsingStaticLibApp.vcxproj", "{CD21A30A-21CA-4E9E-BF37-CA31FCFE6D33}"
EndProject
Project("{8BC9CEB8-8B4A-11D0-8D11-00A0C91BC942}") = "MyMathLib", "MyMathLib\MyMathLib.vcxproj", "{D7B90BD4-F286-4A12-804F-0A73E4DF8BD7}"
EndProject
Project("{8BC9CEB8-8B4A-11D0-8D11-00A0C91BC942}") = "UsingDynamicLibApp", "UsingDynamicLibApp\UsingDynamicLibApp.vcxproj", "{95FE84B6-50B4-4ACA-B2CF-223B52A6AC08}"
EndProject
Global
	GlobalSection(SolutionConfigurationPlatforms) = preSolution
		Debug|x64 = Debug|x64
		Debug|x86 = Debug|x86
		Release|x64 = Release|x64
		Release|x86 = Release|x86
	EndGlobalSection
	GlobalSection(ProjectConfigurationPlatforms) = postSolution
		{7C18A424-9149-4F98-AD91-8A82961C886E}.Debug|x64.ActiveCfg = Debug|x64
		{7C18A424-9149-4F98-AD91-8A82961C886E}.Debug|x64.Build.0 = Debug|x64
		{7C18A424-9149-4F98-AD91-8A82961C886E}.Debug|x86.ActiveCfg = Debug|Win32
		{7C18A424-9149-4F98-AD91-8A82961C886E}.Debug|x86.Build.0 = Debug|Win32
		{7C18A424-9149-4F98-AD91-8A82961C886E}.Release|x64.ActiveCfg = Release|x64
		{7C18A424-9149-4F98-AD91-8A82961C886E}.Release|x64.Build.0 = Release|x64
		{7C18A424-9149-4F98-AD91-8A82961C886E}.Release|x86.ActiveCfg = Release|Win32
		{7C18A424-9149-4F98-AD91-8A82961C886E}.Release|x86.Build.0 = Release|Win32
		{86590540-08FE-40A9-93A7-EA7EBB5EAF98}.Debug|x64.ActiveCfg = Debug|x64
		{86590540-08FE-40A9-93A7-EA7EBB5EAF98}.Debug|x64.Build.0 = Debug|x64
		{86590540-08FE-40A9-93A7-EA7EBB5EAF98}.Debug|x86.ActiveCfg = Debug|Win32
		{86590540-08FE-40A9-93A7-EA7EBB5EAF98}.Debug|x86.Build.0 = Debug|Win32
		{86590540-08FE-40A9-93A7-EA7EBB5EAF98}.Release|x64.ActiveCfg = Release|x64
		{86590540-08FE-40A9-93A7-EA7EBB5EAF98}.Release|x64.Build.0 = Release|x64
		{86590540-08FE-40A9-93A7-EA7EBB5EAF98}.Release|x86.ActiveCfg = Release|Win32
		{86590540-08FE-40A9-93A7-EA7EBB5EAF98}.Release|x86.Build.0 = Release|Win32
		{A92E5755-1AC3-4B3C-9807-4C5FBE2CE0A0}.Debug|x64.ActiveCfg = Debug|x64
		{A92E5755-1AC3-4B3C-9807-4C5FBE2CE0A0}.Debug|x64.Build.0 = Debug|x64
		{A92E5755-1AC3-4B3C-9807-4C5FBE2CE0A0}.Debug|x86.ActiveCfg = Debug|Win32
		{A92E5755-1AC3-4B3C-9807-4C5FBE2CE0A0}.Debug|x86.Build.0 = Debug|Win32
		{A92E5755-1AC3-4B3C-9807-4C5FBE2CE0A0}.Release|x64.ActiveCfg = Release|x64
		{A92E5755-1AC3-4B3C-9807-4C5FBE2CE0A0}.Release|x64.Build.0 = Release|x64
		{A92E5755-1AC3-4B3C-9807-4C5FBE2CE0A0}.Release|x86.ActiveCfg = Release|Win32
		{A92E5755-1AC3-4B3C-9807-4C5FBE2CE0A0}.Release|x86.Build.0 = Release|Win32
		{B592F982-1CD7-4566-B654-E3DEDFCB4CEA}.Debug|x64.ActiveCfg = Debug|x64
		{B592F982-1CD7-4566-B654-E3DEDFCB4CEA}.Debug|x64.Build.0 = Debug|x64
		{B592F982-1CD7-4566-B654-E3DEDFCB4CEA}.Debug|x86.ActiveCfg = Debug|Win32
		{B592F982-1CD7-4566-B654-E3DEDFCB4CEA}.Debug|x86.Build.0 = Debug|Win32
		{B592F982-1CD7-4566-B654-E3DEDFCB4CEA}.Release|x64.ActiveCfg = Release|x64
		{B592F982-1CD7-4566-B654-E3DEDFCB4CEA}.Release|x64.Build.0 = Release|x64
		{B592F982-1CD7-4566-B654-E3DEDFCB4CEA}.Release|x86.ActiveCfg = Release|Win32
		{B592F982-1CD7-4566-B654-E3DEDFCB4CEA}.Release|x86.Build.0 = Release|Win32
		{446DAF74-8A4B-42BD-84DA-052961BA4764}.Debug|x64.ActiveCfg = Debug|x64
		{446DAF74-8A4B-42BD-84DA-052961BA4764}.Debug|x64.Build.0 = Debug|x64
		{446DAF74-8A4B-42BD-84DA-052961BA4764}.Debug|x86.ActiveCfg = Debug|Win32
		{446DAF74-8A4B-42BD-84DA-052961BA4764}.Debug|x86.Build.0 = Debug|Win32
		{446DAF74-8A4B-42BD-84DA-052961BA4764}.Release|x64.ActiveCfg = Release|x64
		{446DAF74-8A4B-42BD-84DA-052961BA4764}.Release|x64.Build.0 = Release|x64
		{446DAF74-8A4B-42BD-84DA-052961BA4764}.Release|x86.ActiveCfg = Release|Win32
		{446DAF74-8A4B-42BD-84DA-052961BA4764}.Release|x86.Build.0 = Release|Win32
		{E760DB12-69F1-4F5A-8C0F-7F956F951A11}.Debug|x64.ActiveCfg = Debug|x64
		{E760DB12-69F1-4F5A-8C0F-7F956F951A11}.Debug|x64.Build.0 = Debug|x64
		{E760DB12-69F1-4F5A-8C0F-7F956F951A11}.Debug|x86.ActiveCfg = Debug|Win32
		{E760DB12-69F1-4F5A-8C0F-7F956F951A11}.Debug|x86.Build.0 = Debug|Win32
		{E760DB12-69F1-4F5A-8C0F-7F956F951A11}.Release|x64.ActiveCfg = Release|x64
		{E760DB12-69F1-4F5A-8C0F-7F956F951A11}.Release|x64.Build.0 = Release|x64
		{E760DB12-69F1-4F5A-8C0F-7F956F951A11}.Release|x86.ActiveCfg = Release|Win32
		{E760DB12-69F1-4F5A-8C0F-7F956F951A11}.Release|x86.Build.0 = Release|Win32
		{80998A68-9763-409A-B6BC-8BC831E3BEA4}.Debug|x64.ActiveCfg = Debug|x64
		{80998A68-9763-409A-B6BC-8BC831E3BEA4}.Debug|x64.Build.0 = Debug|x64
		{80998A68-9763-409A-B6BC-8BC831E3BEA4}.Debug|x86.ActiveCfg = Debug|Win32
		{80998A68-9763-409A-B6BC-8BC831E3BEA4}.Debug|x86.Build.0 = Debug|Win32
		{80998A68-9763-409A-B6BC-8BC831E3BEA4}.Release|x64.ActiveCfg = Release|x64
		{80998A68-9763-409A-B6BC-8BC831E3BEA4}.Release|x64.Build.0 = Release|x64
		{80998A68-9763-409A-B6BC-8BC831E3BEA4}.Release|x86.ActiveCfg = Release|Win32
		{80998A68-9763-409A-B6BC-8BC831E3BEA4}.Release|x86.Build.0 = Release|Win32
		{D5DBEDA6-0F0F-4648-BB87-3453A85E0FF2}.Debug|x64.ActiveCfg = Debug|x64
		{D5DBEDA6-0F0F-4648-BB87-3453A85E0FF2}.Debug|x64.Build.0 = Debug|x64
		{D5DBEDA6-0F0F-4648-BB87-3453A85E0FF2}.Debug|x86.ActiveCfg = Debug|Win32
		{D5DBEDA6-0F0F-4648-BB87-3453A85E0FF2}.Debug|x86.Build.0 = Debug|Win32
		{D5DBEDA6-0F0F-4648-BB87-3453A85E0FF2}.Release|x64.ActiveCfg = Release|x64
		{D5DBEDA6-0F0F-4648-BB87-3453A85E0FF2}.Release|x64.Build.0 = Release|x64
		{D5DBEDA6-0F0F-4648-BB87-3453A85E0FF2}.Release|x86.ActiveCfg = Release|Win32
		{D5DBEDA6-0F0F-4648-BB87-3453A85E0FF2}.Release|x86.Build.0 = Release|Win32
		{7BD661CF-6007-4489-BEB7-EC047244F335}.Debug|x64.ActiveCfg = Debug|x64
		{7BD661CF-6007-4489-BEB7-EC047244F335}.Debug|x64.Build.0 = Debug|x64
		{7BD661CF-6007-4489-BEB7-EC047244F335}.Debug|x86.ActiveCfg = Debug|Win32
		{7BD661CF-6007-4489-BEB7-EC047244F335}.Debug|x86.Build.0 = Debug|Win32
		{7BD661CF-6007-4489-BEB7-EC047244F335}.Release|x64.ActiveCfg = Release|x64
		{7BD661CF-6007-4489-BEB7-EC047244F335}.Release|x64.Build.0 = Release|x64
		{7BD661CF-6007-4489-BEB7-EC047244F335}.Release|x86.ActiveCfg = Release|Win32
		{7BD661CF-6007-4489-BEB7-EC047244F335}.Release|x86.Build.0 = Release|Win32
		{607D6C02-D501-453F-B4A3-655AB47C9DEA}.Debug|x64.ActiveCfg = Debug|x64
		{607D6C02-D501-453F-B4A3-655AB47C9DEA}.Debug|x64.Build.0 = Debug|x64
		{607D6C02-D501-453F-B4A3-655AB47C9DEA}.Debug|x86.ActiveCfg = Debug|Win32
		{607D6C02-D501-453F-B4A3-655AB47C9DEA}.Debug|x86.Build.0 = Debug|Win32
		{607D6C02-D501-453F-B4A3-655AB47C9DEA}.Release|x64.ActiveCfg = Release|x64
		{607D6C02-D501-453F-B4A3-655AB47C9DEA}.Release|x64.Build.0 = Release|x64
		{607D6C02-D501-453F-B4A3-655AB47C9DEA}.Release|x86.ActiveCfg = Release|Win32
		{607D6C02-D501-453F-B4A3-655AB47C9DEA}.Release|x86.Build.0 = Release|Win32
		{7B51FA86-C039-4886-B2A5-49C63628F732}.Debug|x64.ActiveCfg = Debug|x64
		{7B51FA86-C039-4886-B2A5-49C63628F732}.Debug|x64.Build.0 = Debug|x64
		{7B51FA86-C039-4886-B2A5-49C63628F732}.Debug|x86.ActiveCfg = Debug|Win32
		{7B51FA86-C039-4886-B2A5-49C63628F732}.Debug|x86.Build.0 = Debug|Win32
		{7B51FA86-C039-4886-B2A5-49C63628F732}.Release|x64.ActiveCfg = Release|x64
		{7B51FA86-C039-4886-B2A5-49C63628F732}.Release|x64.Build.0 = Release|x64
		{7B51FA86-C039-4886-B2A5-49C63628F732}.Release|x86.ActiveCfg = Release|Win32
		{7B51FA86-C039-4886-B2A5-49C63628F732}.Release|x86.Build.0 = Release|Win32
		{8C0D4282-9846-4FD6-9A57-EC62DF119E18}.Debug|x64.ActiveCfg = Debug|x64
		{8C0D4282-9846-4FD6-9A57-EC62DF119E18}.Debug|x64.Build.0 = Debug|x64
		{8C0D4282-9846-4FD6-9A57-EC62DF119E18}.Debug|x86.ActiveCfg = Debug|Win32
		{8C0D4282-9846-4FD6-9A57-EC62DF119E18}.Debug|x86.Build.0 = Debug|Win32
		{8C0D4282-9846-4FD6-9A57-EC62DF119E18}.Release|x64.ActiveCfg = Release|x64
		{8C0D4282-9846-4FD6-9A57-EC62DF119E18}.Release|x64.Build.0 = Release|x64
		{8C0D4282-9846-4FD6-9A57-EC62DF119E18}.Release|x86.ActiveCfg = Release|Win32
		{8C0D4282-9846-4FD6-9A57-EC62DF119E18}.Release|x86.Build.0 = Release|Win32
		{98C10054-1238-489C-9D0F-48C7EA9B2CBD}.Debug|x64.ActiveCfg = Debug|x64
		{98C10054-1238-489C-9D0F-48C7EA9B2CBD}.Debug|x64.Build.0 = Debug|x64
		{98C10054-1238-489C-9D0F-48C7EA9B2CBD}.Debug|x86.ActiveCfg = Debug|Win32
		{98C10054-1238-489C-9D0F-48C7EA9B2CBD}.Debug|x86.Build.0 = Debug|Win32
		{98C10054-1238-489C-9D0F-48C7EA9B2CBD}.Release|x64.ActiveCfg = Release|x64
		{98C10054-1238-489C-9D0F-48C7EA9B2CBD}.Release|x64.Build.0 = Release|x64
		{98C10054-1238-489C-9D0F-48C7EA9B2CBD}.Release|x86.ActiveCfg = Release|Win32
		{98C10054-1238-489C-9D0F-48C7EA9B2CBD}.Release|x86.Build.0 = Release|Win32
		{46F0E849-8388-4467-86DE-77562C7F6EC3}.Debug|x64.ActiveCfg = Debug|x64
		{46F0E849-8388-4467-86DE-77562C7F6EC3}.Debug|x64.Build.0 = Debug|x64
		{46F0E849-8388-4467-86DE-77562C7F6EC3}.Debug|x86.ActiveCfg = Debug|Win32
		{46F0E849-8388-4467-86DE-77562C7F6EC3}.Debug|x86.Build.0 = Debug|Win32
		{46F0E849-8388-4467-86DE-77562C7F6EC3}.Release|x64.ActiveCfg = Release|x64
		{46F0E849-8388-4467-86DE-77562C7F6EC3}.Release|x64.Build.0 = Release|x64
		{46F0E849-8388-4467-86DE-77562C7F6EC3}.Release|x86.ActiveCfg = Release|Win32
		{46F0E849-8388-4467-86DE-77562C7F6EC3}.Release|x86.Build.0 = Release|Win32
		{03279BFD-9815-47D9-BF71-29876DDFCFAE}.Debug|x64.ActiveCfg = Debug|x64
		{03279BFD-9815-47D9-BF71-29876DDFCFAE}.Debug|x64.Build.0 = Debug|x64
		{03279BFD-9815-47D9-BF71-29876DDFCFAE}.Debug|x86.ActiveCfg = Debug|Win32
		{03279BFD-9815-47D9-BF71-29876DDFCFAE}.Debug|x86.Build.0 = Debug|Win32
		{03279BFD-9815-47D9-BF71-29876DDFCFAE}.Release|x64.ActiveCfg = Release|x64
		{03279BFD-9815-47D9-BF71-29876DDFCFAE}.Release|x64.Build.0 = Release|x64
		{03279BFD-9815-47D9-BF71-29876DDFCFAE}.Release|x86.ActiveCfg = Release|Win32
		{03279BFD-9815-47D9-BF71-29876DDFCFAE}.Release|x86.Build.0 = Release|Win32
		{59942FBA-4265-4073-923B-5BC07A4DA3C1}.Debug|x64.ActiveCfg = Debug|x64
		{59942FBA-4265-4073-923B-5BC07A4DA3C1}.Debug|x64.Build.0 = Debug|x64
		{59942FBA-4265-4073-923B-5BC07A4DA3C1}.Debug|x86.ActiveCfg = Debug|Win32
		{59942FBA-4265-4073-923B-5BC07A4DA3C1}.Debug|x86.Build.0 = Debug|Win32
		{59942FBA-4265-4073-923B-5BC07A4DA3C1}.Release|x64.ActiveCfg = Release|x64
		{59942FBA-4265-4073-923B-5BC07A4DA3C1}.Release|x64.Build.0 = Release|x64
		{59942FBA-4265-4073-923B-5BC07A4DA3C1}.Release|x86.ActiveCfg = Release|Win32
		{59942FBA-4265-4073-923B-5BC07A4DA3C1}.Release|x86.Build.0 = Release|Win32
		{1CD451D7-5DF6-41CE-8147-1F732BF6D6AD}.Debug|x64.ActiveCfg = Debug|x64
		{1CD451D7-5DF6-41CE-8147-1F732BF6D6AD}.Debug|x64.Build.0 = Debug|x64
		{1CD451D7-5DF6-41CE-8147-1F732BF6D6AD}.Debug|x86.ActiveCfg = Debug|Win32
		{1CD451D7-5DF6-41CE-8147-1F732BF6D6AD}.Debug|x86.Build.0 = Debug|Win32
		{1CD451D7-5DF6-41CE-8147-1F732BF6D6AD}.Release|x64.ActiveCfg = Release|x64
		{1CD451D7-5DF6-41CE-8147-1F732BF6D6AD}.Release|x64.Build.0 = Release|x64
		{1CD451D7-5DF6-41CE-8147-1F732BF6D6AD}.Release|x86.ActiveCfg = Release|Win32
		{1CD451D7-5DF6-41CE-8147-1F732BF6D6AD}.Release|x86.Build.0 = Release|Win32
		{5AD4CD85-BBD8-418C-8673-25E5AABEE61A}.Debug|x64.ActiveCfg = Debug|x64
		{5AD4CD85-BBD8-418C-8673-25E5AABEE61A}.Debug|x64.Build.0 = Debug|x64
		{5AD4CD85-BBD8-418C-8673-25E5AABEE61A}.Debug|x86.ActiveCfg = Debug|Win32
		{5AD4CD85-BBD8-418C-8673-25E5AABEE61A}.Debug|x86.Build.0 = Debug|Win32
		{5AD4CD85-BBD8-418C-8673-25E5AABEE61A}.Release|x64.ActiveCfg = Release|x64
		{5AD4CD85-BBD8-418C-8673-25E5AABEE61A}.Release|x64.Build.0 = Release|x64
		{5AD4CD85-BBD8-418C-8673-25E5AABEE61A}.Release|x86.ActiveCfg = Release|Win32
		{5AD4CD85-BBD8-418C-8673-25E5AABEE61A}.Release|x86.Build.0 = Release|Win32
		{AADF6C30-6A65-42D7-ABF6-1B1E8CDC871A}.Debug|x64.ActiveCfg = Debug|x64
		{AADF6C30-6A65-42D7-ABF6-1B1E8CDC871A}.Debug|x64.Build.0 = Debug|x64
		{AADF6C30-6A65-42D7-ABF6-1B1E8CDC871A}.Debug|x86.ActiveCfg = Debug|Win32
		{AADF6C30-6A65-42D7-ABF6-1B1E8CDC871A}.Debug|x86.Build.0 = Debug|Win32
		{AADF6C30-6A65-42D7-ABF6-1B1E8CDC871A}.Release|x64.ActiveCfg = Release|x64
		{AADF6C30-6A65-42D7-ABF6-1B1E8CDC871A}.Release|x64.Build.0 = Release|x64
		{AADF6C30-6A65-42D7-ABF6-1B1E8CDC871A}.Release|x86.ActiveCfg = Release|Win32
		{AADF6C30-6A65-42D7-ABF6-1B1E8CDC871A}.Release|x86.Build.0 = Release|Win32
		{A0F40F38-B5E3-4D9A-B2F0-8A63895133EE}.Debug|x64.ActiveCfg = Debug|x64
		{A0F40F38-B5E3-4D9A-B2F0-8A63895133EE}.Debug|x64.Build.0 = Debug|x64
		{A0F40F38-B5E3-4D9A-B2F0-8A63895133EE}.Debug|x86.ActiveCfg = Debug|Win32
		{A0F40F38-B5E3-4D9A-B2F0-8A63895133EE}.Debug|x86.Build.0 = Debug|Win32
		{A0F40F38-B5E3-4D9A-B2F0-8A63895133EE}.Release|x64.ActiveCfg = Release|x64
		{A0F40F38-B5E3-4D9A-B2F0-8A63895133EE}.Release|x64.Build.0 = Release|x64
		{A0F40F38-B5E3-4D9A-B2F0-8A63895133EE}.Release|x86.ActiveCfg = Release|Win32
		{A0F40F38-B5E3-4D9A-B2F0-8A63895133EE}.Release|x86.Build.0 = Release|Win32
		{BCEA4DAE-08F7-4006-8238-F05DC6DC4229}.Debug|x64.ActiveCfg = Debug|x64
		{BCEA4DAE-08F7-4006-8238-F05DC6DC4229}.Debug|x64.Build.0 = Debug|x64
		{BCEA4DAE-08F7-4006-8238-F05DC6DC4229}.Debug|x86.ActiveCfg = Debug|Win32
		{BCEA4DAE-08F7-4006-8238-F05DC6DC4229}.Debug|x86.Build.0 = Debug|Win32
		{BCEA4DAE-08F7-4006-8238-F05DC6DC4229}.Release|x64.ActiveCfg = Release|x64
		{BCEA4DAE-08F7-4006-8238-F05DC6DC4229}.Release|x64.Build.0 = Release|x64
		{BCEA4DAE-08F7-4006-8238-F05DC6DC4229}.Release|x86.ActiveCfg = Release|Win32
		{BCEA4DAE-08F7-4006-8238-F05DC6DC4229}.Release|x86.Build.0 = Release|Win32
		{0258215C-7EEA-4C46-B4FB-B0613DEE6445}.Debug|x64.ActiveCfg = Debug|x64
		{0258215C-7EEA-4C46-B4FB-B0613DEE6445}.Debug|x64.Build.0 = Debug|x64
		{0258215C-7EEA-4C46-B4FB-B0613DEE6445}.Debug|x86.ActiveCfg = Debug|Win32
		{0258215C-7EEA-4C46-B4FB-B0613DEE6445}.Debug|x86.Build.0 = Debug|Win32
		{0258215C-7EEA-4C46-B4FB-B0613DEE6445}.Release|x64.ActiveCfg = Release|x64
		{0258215C-7EEA-4C46-B4FB-B0613DEE6445}.Release|x64.Build.0 = Release|x64
		{0258215C-7EEA-4C46-B4FB-B0613DEE6445}.Release|x86.ActiveCfg = Release|Win32
		{0258215C-7EEA-4C46-B4FB-B0613DEE6445}.Release|x86.Build.0 = Release|Win32
		{066B0DCE-F24B-46D6-A61D-19385A2679E0}.Debug|x64.ActiveCfg = Debug|x64
		{066B0DCE-F24B-46D6-A61D-19385A2679E0}.Debug|x64.Build.0 = Debug|x64
		{066B0DCE-F24B-46D6-A61D-19385A2679E0}.Debug|x86.ActiveCfg = Debug|Win32
		{066B0DCE-F24B-46D6-A61D-19385A2679E0}.Debug|x86.Build.0 = Debug|Win32
		{066B0DCE-F24B-46D6-A61D-19385A2679E0}.Release|x64.ActiveCfg = Release|x64
		{066B0DCE-F24B-46D6-A61D-19385A2679E0}.Release|x64.Build.0 = Release|x64
		{066B0DCE-F24B-46D6-A61D-19385A2679E0}.Release|x86.ActiveCfg = Release|Win32
		{066B0DCE-F24B-46D6-A61D-19385A2679E0}.Release|x86.Build.0 = Release|Win32
		{CAA128FD-3727-4EF2-B204-D5B5961765F0}.Debug|x64.ActiveCfg = Debug|x64
		{CAA128FD-3727-4EF2-B204-D5B5961765F0}.Debug|x64.Build.0 = Debug|x64
		{CAA128FD-3727-4EF2-B204-D5B5961765F0}.Debug|x86.ActiveCfg = Debug|Win32
		{CAA128FD-3727-4EF2-B204-D5B5961765F0}.Debug|x86.Build.0 = Debug|Win32
		{CAA128FD-3727-4EF2-B204-D5B5961765F0}.Release|x64.ActiveCfg = Release|x64
		{CAA128FD-3727-4EF2-B204-D5B5961765F0}.Release|x64.Build.0 = Release|x64
		{CAA128FD-3727-4EF2-B204-D5B5961765F0}.Release|x86.ActiveCfg = Release|Win32
		{CAA128FD-3727-4EF2-B204-D5B5961765F0}.Release|x86.Build.0 = Release|Win32
		{0AF01A29-3933-438B-A086-0C8A49761587}.Debug|x64.ActiveCfg = Debug|x64
		{0AF01A29-3933-438B-A086-0C8A49761587}.Debug|x64.Build.0 = Debug|x64
		{0AF01A29-3933-438B-A086-0C8A49761587}.Debug|x86.ActiveCfg = Debug|Win32
		{0AF01A29-3933-438B-A086-0C8A49761587}.Debug|x86.Build.0 = Debug|Win32
		{0AF01A29-3933-438B-A086-0C8A49761587}.Release|x64.ActiveCfg = Release|x64
		{0AF01A29-3933-438B-A086-0C8A49761587}.Release|x64.Build.0 = Release|x64
		{0AF01A29-3933-438B-A086-0C8A49761587}.Release|x86.ActiveCfg = Release|Win32
		{0AF01A29-3933-438B-A086-0C8A49761587}.Release|x86.Build.0 = Release|Win32
		{42E0FD5F-FEFB-41A7-ADB6-E31784FD84F0}.Debug|x64.ActiveCfg = Debug|x64
		{42E0FD5F-FEFB-41A7-ADB6-E31784FD84F0}.Debug|x64.Build.0 = Debug|x64
		{42E0FD5F-FEFB-41A7-ADB6-E31784FD84F0}.Debug|x86.ActiveCfg = Debug|Win32
		{42E0FD5F-FEFB-41A7-ADB6-E31784FD84F0}.Debug|x86.Build.0 = Debug|Win32
		{42E0FD5F-FEFB-41A7-ADB6-E31784FD84F0}.Release|x64.ActiveCfg = Release|x64
		{42E0FD5F-FEFB-41A7-ADB6-E31784FD84F0}.Release|x64.Build.0 = Release|x64
		{42E0FD5F-FEFB-41A7-ADB6-E31784FD84F0}.Release|x86.ActiveCfg = Release|Win32
		{42E0FD5F-FEFB-41A7-ADB6-E31784FD84F0}.Release|x86.Build.0 = Release|Win32
		{F3AA8CD6-7445-40CA-A809-72981A02345A}.Debug|x64.ActiveCfg = Debug|x64
		{F3AA8CD6-7445-40CA-A809-72981A02345A}.Debug|x64.Build.0 = Debug|x64
		{F3AA8CD6-7445-40CA-A809-72981A02345A}.Debug|x86.ActiveCfg = Debug|Win32
		{F3AA8CD6-7445-40CA-A809-72981A02345A}.Debug|x86.Build.0 = Debug|Win32
		{F3AA8CD6-7445-40CA-A809-72981A02345A}.Release|x64.ActiveCfg = Release|x64
		{F3AA8CD6-7445-40CA-A809-72981A02345A}.Release|x64.Build.0 = Release|x64
		{F3AA8CD6-7445-40CA-A809-72981A02345A}.Release|x86.ActiveCfg = Release|Win32
		{F3AA8CD6-7445-40CA-A809-72981A02345A}.Release|x86.Build.0 = Release|Win32
		{45A22074-2D87-4345-8316-E448FB7523F4}.Debug|x64.ActiveCfg = Debug|x64
		{45A22074-2D87-4345-8316-E448FB7523F4}.Debug|x64.Build.0 = Debug|x64
		{45A22074-2D87-4345-8316-E448FB7523F4}.Debug|x86.ActiveCfg = Debug|Win32
		{45A22074-2D87-4345-8316-E448FB7523F4}.Debug|x86.Build.0 = Debug|Win32
		{45A22074-2D87-4345-8316-E448FB7523F4}.Release|x64.ActiveCfg = Release|x64
		{45A22074-2D87-4345-8316-E448FB7523F4}.Release|x64.Build.0 = Release|x64
		{45A22074-2D87-4345-8316-E448FB7523F4}.Release|x86.ActiveCfg = Release|Win32
		{45A22074-2D87-4345-8316-E448FB7523F4}.Release|x86.Build.0 = Release|Win32
		{470C33A7-5EA0-4008-8C28-4EDE93149782}.Debug|x64.ActiveCfg = Debug|x64
		{470C33A7-5EA0-4008-8C28-4EDE93149782}.Debug|x64.Build.0 = Debug|x64
		{470C33A7-5EA0-4008-8C28-4EDE93149782}.Debug|x86.ActiveCfg = Debug|Win32
		{470C33A7-5EA0-4008-8C28-4EDE93149782}.Debug|x86.Build.0 = Debug|Win32
		{470C33A7-5EA0-4008-8C28-4EDE93149782}.Release|x64.ActiveCfg = Release|x64
		{470C33A7-5EA0-4008-8C28-4EDE93149782}.Release|x64.Build.0 = Release|x64
		{470C33A7-5EA0-4008-8C28-4EDE93149782}.Release|x86.ActiveCfg = Release|Win32
		{470C33A7-5EA0-4008-8C28-4EDE93149782}.Release|x86.Build.0 = Release|Win32
		{924DEEE8-C7B0-4F64-8416-DD9DC9B0296E}.Debug|x64.ActiveCfg = Debug|x64
		{924DEEE8-C7B0-4F64-8416-DD9DC9B0296E}.Debug|x64.Build.0 = Debug|x64
		{924DEEE8-C7B0-4F64-8416-DD9DC9B0296E}.Debug|x86.ActiveCfg = Debug|Win32
		{924DEEE8-C7B0-4F64-8416-DD9DC9B0296E}.Debug|x86.Build.0 = Debug|Win32
		{924DEEE8-C7B0-4F64-8416-DD9DC9B0296E}.Release|x64.ActiveCfg = Release|x64
		{924DEEE8-C7B0-4F64-8416-DD9DC9B0296E}.Release|x64.Build.0 = Release|x64
		{924DEEE8-C7B0-4F64-8416-DD9DC9B0296E}.Release|x86.ActiveCfg = Release|Win32
		{924DEEE8-C7B0-4F64-8416-DD9DC9B0296E}.Release|x86.Build.0 = Release|Win32
		{8726491F-61E3-44C1-AC97-71356481E5D2}.Debug|x64.ActiveCfg = Debug|x64
		{8726491F-61E3-44C1-AC97-71356481E5D2}.Debug|x64.Build.0 = Debug|x64
		{8726491F-61E3-44C1-AC97-71356481E5D2}.Debug|x86.ActiveCfg = Debug|Win32
		{8726491F-61E3-44C1-AC97-71356481E5D2}.Debug|x86.Build.0 = Debug|Win32
		{8726491F-61E3-44C1-AC97-71356481E5D2}.Release|x64.ActiveCfg = Release|x64
		{8726491F-61E3-44C1-AC97-71356481E5D2}.Release|x64.Build.0 = Release|x64
		{8726491F-61E3-44C1-AC97-71356481E5D2}.Release|x86.ActiveCfg = Release|Win32
		{8726491F-61E3-44C1-AC97-71356481E5D2}.Release|x86.Build.0 = Release|Win32
		{FB54F2C6-56B9-44C7-B276-E9A635DFD73E}.Debug|x64.ActiveCfg = Debug|x64
		{FB54F2C6-56B9-44C7-B276-E9A635DFD73E}.Debug|x64.Build.0 = Debug|x64
		{FB54F2C6-56B9-44C7-B276-E9A635DFD73E}.Debug|x86.ActiveCfg = Debug|Win32
		{FB54F2C6-56B9-44C7-B276-E9A635DFD73E}.Debug|x86.Build.0 = Debug|Win32
		{FB54F2C6-56B9-44C7-B276-E9A635DFD73E}.Release|x64.ActiveCfg = Release|x64
		{FB54F2C6-56B9-44C7-B276-E9A635DFD73E}.Release|x64.Build.0 = Release|x64
		{FB54F2C6-56B9-44C7-B276-E9A635DFD73E}.Release|x86.ActiveCfg = Release|Win32
		{FB54F2C6-56B9-44C7-B276-E9A635DFD73E}.Release|x86.Build.0 = Release|Win32
		{25B004EB-D234-4AA2-B6F0-281DD164B96F}.Debug|x64.ActiveCfg = Debug|x64
		{25B004EB-D234-4AA2-B6F0-281DD164B96F}.Debug|x64.Build.0 = Debug|x64
		{25B004EB-D234-4AA2-B6F0-281DD164B96F}.Debug|x86.ActiveCfg = Debug|Win32
		{25B004EB-D234-4AA2-B6F0-281DD164B96F}.Debug|x86.Build.0 = Debug|Win32
		{25B004EB-D234-4AA2-B6F0-281DD164B96F}.Release|x64.ActiveCfg = Release|x64
		{25B004EB-D234-4AA2-B6F0-281DD164B96F}.Release|x64.Build.0 = Release|x64
		{25B004EB-D234-4AA2-B6F0-281DD164B96F}.Release|x86.ActiveCfg = Release|Win32
		{25B004EB-D234-4AA2-B6F0-281DD164B96F}.Release|x86.Build.0 = Release|Win32
		{E63C5A30-A464-412F-B7C1-27AEA7D7E390}.Debug|x64.ActiveCfg = Debug|x64
		{E63C5A30-A464-412F-B7C1-27AEA7D7E390}.Debug|x64.Build.0 = Debug|x64
		{E63C5A30-A464-412F-B7C1-27AEA7D7E390}.Debug|x86.ActiveCfg = Debug|Win32
		{E63C5A30-A464-412F-B7C1-27AEA7D7E390}.Debug|x86.Build.0 = Debug|Win32
		{E63C5A30-A464-412F-B7C1-27AEA7D7E390}.Release|x64.ActiveCfg = Release|x64
		{E63C5A30-A464-412F-B7C1-27AEA7D7E390}.Release|x64.Build.0 = Release|x64
		{E63C5A30-A464-412F-B7C1-27AEA7D7E390}.Release|x86.ActiveCfg = Release|Win32
		{E63C5A30-A464-412F-B7C1-27AEA7D7E390}.Release|x86.Build.0 = Release|Win32
		{B1B6DBC0-D8CF-4250-BD64-176C30240D8F}.Debug|x64.ActiveCfg = Debug|x64
		{B1B6DBC0-D8CF-4250-BD64-176C30240D8F}.Debug|x64.Build.0 = Debug|x64
		{B1B6DBC0-D8CF-4250-BD64-176C30240D8F}.Debug|x86.ActiveCfg = Debug|Win32
		{B1B6DBC0-D8CF-4250-BD64-176C30240D8F}.Debug|x86.Build.0 = Debug|Win32
		{B1B6DBC0-D8CF-4250-BD64-176C30240D8F}.Release|x64.ActiveCfg = Release|x64
		{B1B6DBC0-D8CF-4250-BD64-176C30240D8F}.Release|x64.Build.0 = Release|x64
		{B1B6DBC0-D8CF-4250-BD64-176C30240D8F}.Release|x86.ActiveCfg = Release|Win32
		{B1B6DBC0-D8CF-4250-BD64-176C30240D8F}.Release|x86.Build.0 = Release|Win32
		{20C42147-9351-4E4D-A9AD-7AC02CBEF96E}.Debug|x64.ActiveCfg = Debug|x64
		{20C42147-9351-4E4D-A9AD-7AC02CBEF96E}.Debug|x64.Build.0 = Debug|x64
		{20C42147-9351-4E4D-A9AD-7AC02CBEF96E}.Debug|x86.ActiveCfg = Debug|Win32
		{20C42147-9351-4E4D-A9AD-7AC02CBEF96E}.Debug|x86.Build.0 = Debug|Win32
		{20C42147-9351-4E4D-A9AD-7AC02CBEF96E}.Release|x64.ActiveCfg = Release|x64
		{20C42147-9351-4E4D-A9AD-7AC02CBEF96E}.Release|x64.Build.0 = Release|x64
		{20C42147-9351-4E4D-A9AD-7AC02CBEF96E}.Release|x86.ActiveCfg = Release|Win32
		{20C42147-9351-4E4D-A9AD-7AC02CBEF96E}.Release|x86.Build.0 = Release|Win32
		{7DA3855B-CCAB-4701-8DEC-C1773FE0C7D9}.Debug|x64.ActiveCfg = Debug|x64
		{7DA3855B-CCAB-4701-8DEC-C1773FE0C7D9}.Debug|x64.Build.0 = Debug|x64
		{7DA3855B-CCAB-4701-8DEC-C1773FE0C7D9}.Debug|x86.ActiveCfg = Debug|Win32
		{7DA3855B-CCAB-4701-8DEC-C1773FE0C7D9}.Debug|x86.Build.0 = Debug|Win32
		{7DA3855B-CCAB-4701-8DEC-C1773FE0C7D9}.Release|x64.ActiveCfg = Release|x64
		{7DA3855B-CCAB-4701-8DEC-C1773FE0C7D9}.Release|x64.Build.0 = Release|x64
		{7DA3855B-CCAB-4701-8DEC-C1773FE0C7D9}.Release|x86.ActiveCfg = Release|Win32
		{7DA3855B-CCAB-4701-8DEC-C1773FE0C7D9}.Release|x86.Build.0 = Release|Win32
		{7DBE5778-5E50-450C-88C8-FCA0EF983CDD}.Debug|x64.ActiveCfg = Debug|x64
		{7DBE5778-5E50-450C-88C8-FCA0EF983CDD}.Debug|x64.Build.0 = Debug|x64
		{7DBE5778-5E50-450C-88C8-FCA0EF983CDD}.Debug|x86.ActiveCfg = Debug|Win32
		{7DBE5778-5E50-450C-88C8-FCA0EF983CDD}.Debug|x86.Build.0 = Debug|Win32
		{7DBE5778-5E50-450C-88C8-FCA0EF983CDD}.Release|x64.ActiveCfg = Release|x64
		{7DBE5778-5E50-450C-88C8-FCA0EF983CDD}.Release|x64.Build.0 = Release|x64
		{7DBE5778-5E50-450C-88C8-FCA0EF983CDD}.Release|x86.ActiveCfg = Release|Win32
		{7DBE5778-5E50-450C-88C8-FCA0EF983CDD}.Release|x86.Build.0 = Release|Win32
		{201CD9C2-8442-4D3D-B354-A237982CEB50}.Debug|x64.ActiveCfg = Debug|x64
		{201CD9C2-8442-4D3D-B354-A237982CEB50}.Debug|x64.Build.0 = Debug|x64
		{201CD9C2-8442-4D3D-B354-A237982CEB50}.Debug|x86.ActiveCfg = Debug|Win32
		{201CD9C2-8442-4D3D-B354-A237982CEB50}.Debug|x86.Build.0 = Debug|Win32
		{201CD9C2-8442-4D3D-B354-A237982CEB50}.Release|x64.ActiveCfg = Release|x64
		{201CD9C2-8442-4D3D-B354-A237982CEB50}.Release|x64.Build.0 = Release|x64
		{201CD9C2-8442-4D3D-B354-A237982CEB50}.Release|x86.ActiveCfg = Release|Win32
		{201CD9C2-8442-4D3D-B354-A237982CEB50}.Release|x86.Build.0 = Release|Win32
		{A4FF5C61-38A8-43F1-8042-F494A52A5B87}.Debug|x64.ActiveCfg = Debug|x64
		{A4FF5C61-38A8-43F1-8042-F494A52A5B87}.Debug|x64.Build.0 = Debug|x64
		{A4FF5C61-38A8-43F1-8042-F494A52A5B87}.Debug|x86.ActiveCfg = Debug|Win32
		{A4FF5C61-38A8-43F1-8042-F494A52A5B87}.Debug|x86.Build.0 = Debug|Win32
		{A4FF5C61-38A8-43F1-8042-F494A52A5B87}.Release|x64.ActiveCfg = Release|x64
		{A4FF5C61-38A8-43F1-8042-F494A52A5B87}.Release|x64.Build.0 = Release|x64
		{A4FF5C61-38A8-43F1-8042-F494A52A5B87}.Release|x86.ActiveCfg = Release|Win32
		{A4FF5C61-38A8-43F1-8042-F494A52A5B87}.Release|x86.Build.0 = Release|Win32
		{70946B3E-4C79-423A-8EBF-A87550DD3861}.Debug|x64.ActiveCfg = Debug|x64
		{70946B3E-4C79-423A-8EBF-A87550DD3861}.Debug|x64.Build.0 = Debug|x64
		{70946B3E-4C79-423A-8EBF-A87550DD3861}.Debug|x86.ActiveCfg = Debug|Win32
		{70946B3E-4C79-423A-8EBF-A87550DD3861}.Debug|x86.Build.0 = Debug|Win32
		{70946B3E-4C79-423A-8EBF-A87550DD3861}.Release|x64.ActiveCfg = Release|x64
		{70946B3E-4C79-423A-8EBF-A87550DD3861}.Release|x64.Build.0 = Release|x64
		{70946B3E-4C79-423A-8EBF-A87550DD3861}.Release|x86.ActiveCfg = Release|Win32
		{70946B3E-4C79-423A-8EBF-A87550DD3861}.Release|x86.Build.0 = Release|Win32
		{1DF9B5E2-E538-44E0-BC29-E7CDA140525D}.Debug|x64.ActiveCfg = Debug|x64
		{1DF9B5E2-E538-44E0-BC29-E7CDA140525D}.Debug|x64.Build.0 = Debug|x64
		{1DF9B5E2-E538-44E0-BC29-E7CDA140525D}.Debug|x86.ActiveCfg = Debug|Win32
		{1DF9B5E2-E538-44E0-BC29-E7CDA140525D}.Debug|x86.Build.0 = Debug|Win32
		{1DF9B5E2-E538-44E0-BC29-E7CDA140525D}.Release|x64.ActiveCfg = Release|x64
		{1DF9B5E2-E538-44E0-BC29-E7CDA140525D}.Release|x64.Build.0 = Release|x64
		{1DF9B5E2-E538-44E0-BC29-E7CDA140525D}.Release|x86.ActiveCfg = Release|Win32
		{1DF9B5E2-E538-44E0-BC29-E7CDA140525D}.Release|x86.Build.0 = Release|Win32
		{491561A0-2CB9-4D52-BCD7-3545590C171D}.Debug|x64.ActiveCfg = Debug|x64
		{491561A0-2CB9-4D52-BCD7-3545590C171D}.Debug|x64.Build.0 = Debug|x64
		{491561A0-2CB9-4D52-BCD7-3545590C171D}.Debug|x86.ActiveCfg = Debug|Win32
		{491561A0-2CB9-4D52-BCD7-3545590C171D}.Debug|x86.Build.0 = Debug|Win32
		{491561A0-2CB9-4D52-BCD7-3545590C171D}.Release|x64.ActiveCfg = Release|x64
		{491561A0-2CB9-4D52-BCD7-3545590C171D}.Release|x64.Build.0 = Release|x64
		{491561A0-2CB9-4D52-BCD7-3545590C171D}.Release|x86.ActiveCfg = Release|Win32
		{491561A0-2CB9-4D52-BCD7-3545590C171D}.Release|x86.Build.0 = Release|Win32
		{00FB8B40-1330-48BF-A542-47B69353C0D1}.Debug|x64.ActiveCfg = Debug|x64
		{00FB8B40-1330-48BF-A542-47B69353C0D1}.Debug|x64.Build.0 = Debug|x64
		{00FB8B40-1330-48BF-A542-47B69353C0D1}.Debug|x86.ActiveCfg = Debug|Win32
		{00FB8B40-1330-48BF-A542-47B69353C0D1}.Debug|x86.Build.0 = Debug|Win32
		{00FB8B40-1330-48BF-A542-47B69353C0D1}.Release|x64.ActiveCfg = Release|x64
		{00FB8B40-1330-48BF-A542-47B69353C0D1}.Release|x64.Build.0 = Release|x64
		{00FB8B40-1330-48BF-A542-47B69353C0D1}.Release|x86.ActiveCfg = Release|Win32
		{00FB8B40-1330-48BF-A542-47B69353C0D1}.Release|x86.Build.0 = Release|Win32
		{CD21A30A-21CA-4E9E-BF37-CA31FCFE6D33}.Debug|x64.ActiveCfg = Debug|x64
		{CD21A30A-21CA-4E9E-BF37-CA31FCFE6D33}.Debug|x64.Build.0 = Debug|x64
		{CD21A30A-21CA-4E9E-BF37-CA31FCFE6D33}.Debug|x86.ActiveCfg = Debug|Win32
		{CD21A30A-21CA-4E9E-BF37-CA31FCFE6D33}.Debug|x86.Build.0 = Debug|Win32
		{CD21A30A-21CA-4E9E-BF37-CA31FCFE6D33}.Release|x64.ActiveCfg = Release|x64
		{CD21A30A-21CA-4E9E-BF37-CA31FCFE6D33}.Release|x64.Build.0 = Release|x64
		{CD21A30A-21CA-4E9E-BF37-CA31FCFE6D33}.Release|x86.ActiveCfg = Release|Win32
		{CD21A30A-21CA-4E9E-BF37-CA31FCFE6D33}.Release|x86.Build.0 = Release|Win32
		{D7B90BD4-F286-4A12-804F-0A73E4DF8BD7}.Debug|x64.ActiveCfg = Debug|x64
		{D7B90BD4-F286-4A12-804F-0A73E4DF8BD7}.Debug|x64.Build.0 = Debug|x64
		{D7B90BD4-F286-4A12-804F-0A73E4DF8BD7}.Debug|x86.ActiveCfg = Debug|Win32
		{D7B90BD4-F286-4A12-804F-0A73E4DF8BD7}.Debug|x86.Build.0 = Debug|Win32
		{D7B90BD4-F286-4A12-804F-0A73E4DF8BD7}.Release|x64.ActiveCfg = Release|x64
		{D7B90BD4-F286-4A12-804F-0A73E4DF8BD7}.Release|x64.Build.0 = Release|x64
		{D7B90BD4-F286-4A12-804F-0A73E4DF8BD7}.Release|x86.ActiveCfg = Release|Win32
		{D7B90BD4-F286-4A12-804F-0A73E4DF8BD7}.Release|x86.Build.0 = Release|Win32
		{95FE84B6-50B4-4ACA-B2CF-223B52A6AC08}.Debug|x64.ActiveCfg = Debug|x64
		{95FE84B6-50B4-4ACA-B2CF-223B52A6AC08}.Debug|x64.Build.0 = Debug|x64
		{95FE84B6-50B4-4ACA-B2CF-223B52A6AC08}.Debug|x86.ActiveCfg = Debug|Win32
		{95FE84B6-50B4-4ACA-B2CF-223B52A6AC08}.Debug|x86.Build.0 = Debug|Win32
		{95FE84B6-50B4-4ACA-B2CF-223B52A6AC08}.Release|x64.ActiveCfg = Release|x64
		{95FE84B6-50B4-4ACA-B2CF-223B52A6AC08}.Release|x64.Build.0 = Release|x64
		{95FE84B6-50B4-4ACA-B2CF-223B52A6AC08}.Release|x86.ActiveCfg = Release|Win32
		{95FE84B6-50B4-4ACA-B2CF-223B52A6AC08}.Release|x86.Build.0 = Release|Win32
	EndGlobalSection
	GlobalSection(SolutionProperties) = preSolution
		HideSolutionNode = FALSE
	EndGlobalSection
	GlobalSection(NestedProjects) = preSolution
		{7C18A424-9149-4F98-AD91-8A82961C886E} = {34A29EFA-5ECE-45DA-9D69-AA6218B3CBA9}
		{86590540-08FE-40A9-93A7-EA7EBB5EAF98} = {34A29EFA-5ECE-45DA-9D69-AA6218B3CBA9}
		{A92E5755-1AC3-4B3C-9807-4C5FBE2CE0A0} = {B14517BC-DAF3-4B5C-8CCB-03EAAA8AC491}
		{B592F982-1CD7-4566-B654-E3DEDFCB4CEA} = {B14517BC-DAF3-4B5C-8CCB-03EAAA8AC491}
		{446DAF74-8A4B-42BD-84DA-052961BA4764} = {53B05968-6B89-456A-876C-7099BC4F3874}
		{E760DB12-69F1-4F5A-8C0F-7F956F951A11} = {53B05968-6B89-456A-876C-7099BC4F3874}
		{80998A68-9763-409A-B6BC-8BC831E3BEA4} = {53B05968-6B89-456A-876C-7099BC4F3874}
		{D5DBEDA6-0F0F-4648-BB87-3453A85E0FF2} = {5738AEBD-ED05-43CB-B7E6-EAE6B989F265}
		{7BD661CF-6007-4489-BEB7-EC047244F335} = {96465DC4-9C08-40F3-AB73-76CCA91F4137}
		{607D6C02-D501-453F-B4A3-655AB47C9DEA} = {96465DC4-9C08-40F3-AB73-76CCA91F4137}
		{7B51FA86-C039-4886-B2A5-49C63628F732} = {EFDF6E09-C7CE-4EE9-9159-A695EED401FE}
		{8C0D4282-9846-4FD6-9A57-EC62DF119E18} = {5EBA2E63-B9E8-436B-B46D-6E6B92045CD8}
		{98C10054-1238-489C-9D0F-48C7EA9B2CBD} = {5EBA2E63-B9E8-436B-B46D-6E6B92045CD8}
		{46F0E849-8388-4467-86DE-77562C7F6EC3} = {FFD76E90-268F-4421-A321-53159AD75E55}
		{03279BFD-9815-47D9-BF71-29876DDFCFAE} = {FFD76E90-268F-4421-A321-53159AD75E55}
		{59942FBA-4265-4073-923B-5BC07A4DA3C1} = {FB0E2CB2-EFB9-4151-8A2B-E93C55613670}
		{1CD451D7-5DF6-41CE-8147-1F732BF6D6AD} = {E4C708D8-630F-4E02-ABD2-3CB1B8582E3F}
		{5AD4CD85-BBD8-418C-8673-25E5AABEE61A} = {366C7F60-C1F2-4633-8CD0-1B438177F85A}
		{AADF6C30-6A65-42D7-ABF6-1B1E8CDC871A} = {366C7F60-C1F2-4633-8CD0-1B438177F85A}
		{A0F40F38-B5E3-4D9A-B2F0-8A63895133EE} = {DA00F784-AF15-484C-A8A5-0C34C6DFC873}
		{BCEA4DAE-08F7-4006-8238-F05DC6DC4229} = {EFDF6E09-C7CE-4EE9-9159-A695EED401FE}
		{0258215C-7EEA-4C46-B4FB-B0613DEE6445} = {DA00F784-AF15-484C-A8A5-0C34C6DFC873}
		{066B0DCE-F24B-46D6-A61D-19385A2679E0} = {DA00F784-AF15-484C-A8A5-0C34C6DFC873}
		{CAA128FD-3727-4EF2-B204-D5B5961765F0} = {56493988-9CBA-4DCA-A1B7-C01B5AC6BBD9}
		{0AF01A29-3933-438B-A086-0C8A49761587} = {56493988-9CBA-4DCA-A1B7-C01B5AC6BBD9}
		{42E0FD5F-FEFB-41A7-ADB6-E31784FD84F0} = {56493988-9CBA-4DCA-A1B7-C01B5AC6BBD9}
		{F3AA8CD6-7445-40CA-A809-72981A02345A} = {90B6FC53-0B19-4155-8365-448D1D748502}
		{45A22074-2D87-4345-8316-E448FB7523F4} = {90B6FC53-0B19-4155-8365-448D1D748502}
		{470C33A7-5EA0-4008-8C28-4EDE93149782} = {90B6FC53-0B19-4155-8365-448D1D748502}
		{924DEEE8-C7B0-4F64-8416-DD9DC9B0296E} = {898BA99D-6F94-4547-A42C-BA8AD5BE1282}
		{8726491F-61E3-44C1-AC97-71356481E5D2} = {898BA99D-6F94-4547-A42C-BA8AD5BE1282}
		{FB54F2C6-56B9-44C7-B276-E9A635DFD73E} = {898BA99D-6F94-4547-A42C-BA8AD5BE1282}
		{25B004EB-D234-4AA2-B6F0-281DD164B96F} = {898BA99D-6F94-4547-A42C-BA8AD5BE1282}
		{E63C5A30-A464-412F-B7C1-27AEA7D7E390} = {898BA99D-6F94-4547-A42C-BA8AD5BE1282}
		{B1B6DBC0-D8CF-4250-BD64-176C30240D8F} = {EC9BF8FF-4452-4626-BD23-4A24668F0B48}
		{20C42147-9351-4E4D-A9AD-7AC02CBEF96E} = {EC9BF8FF-4452-4626-BD23-4A24668F0B48}
		{7DA3855B-CCAB-4701-8DEC-C1773FE0C7D9} = {EC9BF8FF-4452-4626-BD23-4A24668F0B48}
		{7DBE5778-5E50-450C-88C8-FCA0EF983CDD} = {119E0D99-ED9D-481A-A228-7029539E797C}
		{201CD9C2-8442-4D3D-B354-A237982CEB50} = {119E0D99-ED9D-481A-A228-7029539E797C}
		{A4FF5C61-38A8-43F1-8042-F494A52A5B87} = {119E0D99-ED9D-481A-A228-7029539E797C}
		{70946B3E-4C79-423A-8EBF-A87550DD3861} = {119E0D99-ED9D-481A-A228-7029539E797C}
		{1DF9B5E2-E538-44E0-BC29-E7CDA140525D} = {119E0D99-ED9D-481A-A228-7029539E797C}
		{491561A0-2CB9-4D52-BCD7-3545590C171D} = {6078443D-5118-4BA3-AE1B-9EBDD4A37B79}
		{00FB8B40-1330-48BF-A542-47B69353C0D1} = {FB38E0CE-2919-4A65-9981-F20ED2257A8E}
		{CD21A30A-21CA-4E9E-BF37-CA31FCFE6D33} = {FB38E0CE-2919-4A65-9981-F20ED2257A8E}
		{D7B90BD4-F286-4A12-804F-0A73E4DF8BD7} = {FB38E0CE-2919-4A65-9981-F20ED2257A8E}
		{95FE84B6-50B4-4ACA-B2CF-223B52A6AC08} = {FB38E0CE-2919-4A65-9981-F20ED2257A8E}
	EndGlobalSection
	GlobalSection(ExtensibilityGlobals) = postSolution
		SolutionGuid = {14DB2529-72B5-4187-A76C-BFE01DB15EAF}
	EndGlobalSection
EndGlobal
