
Microsoft Visual Studio Solution File, Format Version 12.00
# Visual Studio Version 16
VisualStudioVersion = 16.0.29709.97
MinimumVisualStudioVersion = 10.0.40219.1
Project("{2150E333-8FDC-42A3-9474-1A3956D46DE8}") = "CH01", "CH01", "{34A29EFA-5ECE-45DA-9D69-AA6218B3CBA9}"
EndProject
Project("{8BC9CEB8-8B4A-11D0-8D11-00A0C91BC942}") = "FristApp", "FristApp\FristApp.vcxproj", "{7C18A424-9149-4F98-AD91-8A82961C886E}"
EndProject
Project("{8BC9CEB8-8B4A-11D0-8D11-00A0C91BC942}") = "TemplateTest", "TemplateTest\TemplateTest.vcxproj", "{86590540-08FE-40A9-93A7-EA7EBB5EAF98}"
EndProject
Project("{2150E333-8FDC-42A3-9474-1A3956D46DE8}") = "CH03", "CH03", "{B14517BC-DAF3-4B5C-8CCB-03EAAA8AC491}"
EndProject
Project("{8BC9CEB8-8B4A-11D0-8D11-00A0C91BC942}") = "VARtest", "D:\KTK\studyC\VARtest\VARtest.vcxproj", "{B592F982-1CD7-4566-B654-E3DEDFCB4CEA}"
EndProject
Project("{2150E333-8FDC-42A3-9474-1A3956D46DE8}") = "CH04", "CH04", "{704B8F19-B4D7-489D-9522-84E5BB8FA6D1}"
EndProject
Project("{8BC9CEB8-8B4A-11D0-8D11-00A0C91BC942}") = "devideTest", "D:\KTK\studyC\devideTest\devideTest.vcxproj", "{446DAF74-8A4B-42BD-84DA-052961BA4764}"
EndProject
Project("{8BC9CEB8-8B4A-11D0-8D11-00A0C91BC942}") = "CastTest", "D:\KTK\studyC\CastTest\CastTest.vcxproj", "{E760DB12-69F1-4F5A-8C0F-7F956F951A11}"
EndProject
Project("{8BC9CEB8-8B4A-11D0-8D11-00A0C91BC942}") = "stringTest", "stringTest\stringTest.vcxproj", "{A92E5755-1AC3-4B3C-9807-4C5FBE2CE0A0}"
EndProject
Global
	GlobalSection(SolutionConfigurationPlatforms) = preSolution
		Debug|x64 = Debug|x64
		Debug|x86 = Debug|x86
		Release|x64 = Release|x64
		Release|x86 = Release|x86
	EndGlobalSection
	GlobalSection(ProjectConfigurationPlatforms) = postSolution
		{7C18A424-9149-4F98-AD91-8A82961C886E}.Debug|x64.ActiveCfg = Debug|x64
		{7C18A424-9149-4F98-AD91-8A82961C886E}.Debug|x64.Build.0 = Debug|x64
		{7C18A424-9149-4F98-AD91-8A82961C886E}.Debug|x86.ActiveCfg = Debug|Win32
		{7C18A424-9149-4F98-AD91-8A82961C886E}.Debug|x86.Build.0 = Debug|Win32
		{7C18A424-9149-4F98-AD91-8A82961C886E}.Release|x64.ActiveCfg = Release|x64
		{7C18A424-9149-4F98-AD91-8A82961C886E}.Release|x64.Build.0 = Release|x64
		{7C18A424-9149-4F98-AD91-8A82961C886E}.Release|x86.ActiveCfg = Release|Win32
		{7C18A424-9149-4F98-AD91-8A82961C886E}.Release|x86.Build.0 = Release|Win32
		{86590540-08FE-40A9-93A7-EA7EBB5EAF98}.Debug|x64.ActiveCfg = Debug|x64
		{86590540-08FE-40A9-93A7-EA7EBB5EAF98}.Debug|x64.Build.0 = Debug|x64
		{86590540-08FE-40A9-93A7-EA7EBB5EAF98}.Debug|x86.ActiveCfg = Debug|Win32
		{86590540-08FE-40A9-93A7-EA7EBB5EAF98}.Debug|x86.Build.0 = Debug|Win32
		{86590540-08FE-40A9-93A7-EA7EBB5EAF98}.Release|x64.ActiveCfg = Release|x64
		{86590540-08FE-40A9-93A7-EA7EBB5EAF98}.Release|x64.Build.0 = Release|x64
		{86590540-08FE-40A9-93A7-EA7EBB5EAF98}.Release|x86.ActiveCfg = Release|Win32
		{86590540-08FE-40A9-93A7-EA7EBB5EAF98}.Release|x86.Build.0 = Release|Win32
		{B592F982-1CD7-4566-B654-E3DEDFCB4CEA}.Debug|x64.ActiveCfg = Debug|x64
		{B592F982-1CD7-4566-B654-E3DEDFCB4CEA}.Debug|x64.Build.0 = Debug|x64
		{B592F982-1CD7-4566-B654-E3DEDFCB4CEA}.Debug|x86.ActiveCfg = Debug|Win32
		{B592F982-1CD7-4566-B654-E3DEDFCB4CEA}.Debug|x86.Build.0 = Debug|Win32
		{B592F982-1CD7-4566-B654-E3DEDFCB4CEA}.Release|x64.ActiveCfg = Release|x64
		{B592F982-1CD7-4566-B654-E3DEDFCB4CEA}.Release|x64.Build.0 = Release|x64
		{B592F982-1CD7-4566-B654-E3DEDFCB4CEA}.Release|x86.ActiveCfg = Release|Win32
		{B592F982-1CD7-4566-B654-E3DEDFCB4CEA}.Release|x86.Build.0 = Release|Win32
		{446DAF74-8A4B-42BD-84DA-052961BA4764}.Debug|x64.ActiveCfg = Debug|x64
		{446DAF74-8A4B-42BD-84DA-052961BA4764}.Debug|x64.Build.0 = Debug|x64
		{446DAF74-8A4B-42BD-84DA-052961BA4764}.Debug|x86.ActiveCfg = Debug|Win32
		{446DAF74-8A4B-42BD-84DA-052961BA4764}.Debug|x86.Build.0 = Debug|Win32
		{446DAF74-8A4B-42BD-84DA-052961BA4764}.Release|x64.ActiveCfg = Release|x64
		{446DAF74-8A4B-42BD-84DA-052961BA4764}.Release|x64.Build.0 = Release|x64
		{446DAF74-8A4B-42BD-84DA-052961BA4764}.Release|x86.ActiveCfg = Release|Win32
		{446DAF74-8A4B-42BD-84DA-052961BA4764}.Release|x86.Build.0 = Release|Win32
		{E760DB12-69F1-4F5A-8C0F-7F956F951A11}.Debug|x64.ActiveCfg = Debug|x64
		{E760DB12-69F1-4F5A-8C0F-7F956F951A11}.Debug|x64.Build.0 = Debug|x64
		{E760DB12-69F1-4F5A-8C0F-7F956F951A11}.Debug|x86.ActiveCfg = Debug|Win32
		{E760DB12-69F1-4F5A-8C0F-7F956F951A11}.Debug|x86.Build.0 = Debug|Win32
		{E760DB12-69F1-4F5A-8C0F-7F956F951A11}.Release|x64.ActiveCfg = Release|x64
		{E760DB12-69F1-4F5A-8C0F-7F956F951A11}.Release|x64.Build.0 = Release|x64
		{E760DB12-69F1-4F5A-8C0F-7F956F951A11}.Release|x86.ActiveCfg = Release|Win32
		{E760DB12-69F1-4F5A-8C0F-7F956F951A11}.Release|x86.Build.0 = Release|Win32
		{A92E5755-1AC3-4B3C-9807-4C5FBE2CE0A0}.Debug|x64.ActiveCfg = Debug|x64
		{A92E5755-1AC3-4B3C-9807-4C5FBE2CE0A0}.Debug|x64.Build.0 = Debug|x64
		{A92E5755-1AC3-4B3C-9807-4C5FBE2CE0A0}.Debug|x86.ActiveCfg = Debug|Win32
		{A92E5755-1AC3-4B3C-9807-4C5FBE2CE0A0}.Debug|x86.Build.0 = Debug|Win32
		{A92E5755-1AC3-4B3C-9807-4C5FBE2CE0A0}.Release|x64.ActiveCfg = Release|x64
		{A92E5755-1AC3-4B3C-9807-4C5FBE2CE0A0}.Release|x64.Build.0 = Release|x64
		{A92E5755-1AC3-4B3C-9807-4C5FBE2CE0A0}.Release|x86.ActiveCfg = Release|Win32
		{A92E5755-1AC3-4B3C-9807-4C5FBE2CE0A0}.Release|x86.Build.0 = Release|Win32
	EndGlobalSection
	GlobalSection(SolutionProperties) = preSolution
		HideSolutionNode = FALSE
	EndGlobalSection
	GlobalSection(NestedProjects) = preSolution
		{7C18A424-9149-4F98-AD91-8A82961C886E} = {34A29EFA-5ECE-45DA-9D69-AA6218B3CBA9}
		{86590540-08FE-40A9-93A7-EA7EBB5EAF98} = {34A29EFA-5ECE-45DA-9D69-AA6218B3CBA9}
		{B592F982-1CD7-4566-B654-E3DEDFCB4CEA} = {B14517BC-DAF3-4B5C-8CCB-03EAAA8AC491}
		{446DAF74-8A4B-42BD-84DA-052961BA4764} = {704B8F19-B4D7-489D-9522-84E5BB8FA6D1}
		{E760DB12-69F1-4F5A-8C0F-7F956F951A11} = {704B8F19-B4D7-489D-9522-84E5BB8FA6D1}
		{A92E5755-1AC3-4B3C-9807-4C5FBE2CE0A0} = {B14517BC-DAF3-4B5C-8CCB-03EAAA8AC491}
	EndGlobalSection
	GlobalSection(ExtensibilityGlobals) = postSolution
		SolutionGuid = {14DB2529-72B5-4187-A76C-BFE01DB15EAF}
	EndGlobalSection
EndGlobal
